// !$*UTF8*$!
{
	archiveVersion = 1;
	classes = {
	};
	objectVersion = 50;
	objects = {

/* Begin PBXBuildFile section */
		B216639E25938788005D6171 /* SFSymbolView.swift in Sources */ = {isa = PBXBuildFile; fileRef = B216639D25938788005D6171 /* SFSymbolView.swift */; };
		B21663A725938C04005D6171 /* SlotMachineView.swift in Sources */ = {isa = PBXBuildFile; fileRef = B21663A625938C04005D6171 /* SlotMachineView.swift */; };
		B21663AF25938F09005D6171 /* StartView.swift in Sources */ = {isa = PBXBuildFile; fileRef = B21663AE25938F09005D6171 /* StartView.swift */; };
		B21663B425938FC3005D6171 /* HeaderTextView.swift in Sources */ = {isa = PBXBuildFile; fileRef = B21663B325938FC3005D6171 /* HeaderTextView.swift */; };
		B21663B925939118005D6171 /* CounterView.swift in Sources */ = {isa = PBXBuildFile; fileRef = B21663B825939118005D6171 /* CounterView.swift */; };
		B21663CB259394CA005D6171 /* SlotMachineImageView.swift in Sources */ = {isa = PBXBuildFile; fileRef = B21663CA259394CA005D6171 /* SlotMachineImageView.swift */; };
		B21663D325939619005D6171 /* SlotMachineButtonView.swift in Sources */ = {isa = PBXBuildFile; fileRef = B21663D225939619005D6171 /* SlotMachineButtonView.swift */; };
		B21663D8259397DC005D6171 /* SlotMachineHeaderView.swift in Sources */ = {isa = PBXBuildFile; fileRef = B21663D7259397DC005D6171 /* SlotMachineHeaderView.swift */; };
		B21663DD259398C1005D6171 /* SlotMachineSlotsView.swift in Sources */ = {isa = PBXBuildFile; fileRef = B21663DC259398C1005D6171 /* SlotMachineSlotsView.swift */; };
		B21663E225939E77005D6171 /* SlotMachineBackground.swift in Sources */ = {isa = PBXBuildFile; fileRef = B21663E125939E77005D6171 /* SlotMachineBackground.swift */; };
		B285C9672593747600CD00D4 /* SwiftUIExampleApp.swift in Sources */ = {isa = PBXBuildFile; fileRef = B285C9662593747600CD00D4 /* SwiftUIExampleApp.swift */; };
		B285C9692593747600CD00D4 /* ContentView.swift in Sources */ = {isa = PBXBuildFile; fileRef = B285C9682593747600CD00D4 /* ContentView.swift */; };
		B285C96B2593747600CD00D4 /* Assets.xcassets in Resources */ = {isa = PBXBuildFile; fileRef = B285C96A2593747600CD00D4 /* Assets.xcassets */; };
		B285C96E2593747600CD00D4 /* Preview Assets.xcassets in Resources */ = {isa = PBXBuildFile; fileRef = B285C96D2593747600CD00D4 /* Preview Assets.xcassets */; };
		B285C9792593747600CD00D4 /* SwiftUIExampleTests.swift in Sources */ = {isa = PBXBuildFile; fileRef = B285C9782593747600CD00D4 /* SwiftUIExampleTests.swift */; };
		B285C9842593747600CD00D4 /* SwiftUIExampleUITests.swift in Sources */ = {isa = PBXBuildFile; fileRef = B285C9832593747600CD00D4 /* SwiftUIExampleUITests.swift */; };
		B285C99E259378EB00CD00D4 /* LemonView.swift in Sources */ = {isa = PBXBuildFile; fileRef = B285C99D259378EB00CD00D4 /* LemonView.swift */; };
		B285C9A6259379A000CD00D4 /* LemonScreen.swift in Sources */ = {isa = PBXBuildFile; fileRef = B285C9A5259379A000CD00D4 /* LemonScreen.swift */; };
		B285C9AD25937C3600CD00D4 /* PinkBuildView.swift in Sources */ = {isa = PBXBuildFile; fileRef = B285C9AC25937C3600CD00D4 /* PinkBuildView.swift */; };
		B2F8E59625948DE2005F926D /* SwiftUISlotView.swift in Sources */ = {isa = PBXBuildFile; fileRef = B2F8E59525948DE2005F926D /* SwiftUISlotView.swift */; };
/* End PBXBuildFile section */

/* Begin PBXContainerItemProxy section */
		B285C9752593747600CD00D4 /* PBXContainerItemProxy */ = {
			isa = PBXContainerItemProxy;
			containerPortal = B285C95B2593747500CD00D4 /* Project object */;
			proxyType = 1;
			remoteGlobalIDString = B285C9622593747600CD00D4;
			remoteInfo = SwiftUIExample;
		};
		B285C9802593747600CD00D4 /* PBXContainerItemProxy */ = {
			isa = PBXContainerItemProxy;
			containerPortal = B285C95B2593747500CD00D4 /* Project object */;
			proxyType = 1;
			remoteGlobalIDString = B285C9622593747600CD00D4;
			remoteInfo = SwiftUIExample;
		};
/* End PBXContainerItemProxy section */

/* Begin PBXFileReference section */
		B216639D25938788005D6171 /* SFSymbolView.swift */ = {isa = PBXFileReference; lastKnownFileType = sourcecode.swift; path = SFSymbolView.swift; sourceTree = "<group>"; };
		B21663A625938C04005D6171 /* SlotMachineView.swift */ = {isa = PBXFileReference; lastKnownFileType = sourcecode.swift; path = SlotMachineView.swift; sourceTree = "<group>"; };
		B21663AE25938F09005D6171 /* StartView.swift */ = {isa = PBXFileReference; lastKnownFileType = sourcecode.swift; path = StartView.swift; sourceTree = "<group>"; };
		B21663B325938FC3005D6171 /* HeaderTextView.swift */ = {isa = PBXFileReference; lastKnownFileType = sourcecode.swift; path = HeaderTextView.swift; sourceTree = "<group>"; };
		B21663B825939118005D6171 /* CounterView.swift */ = {isa = PBXFileReference; lastKnownFileType = sourcecode.swift; path = CounterView.swift; sourceTree = "<group>"; };
		B21663CA259394CA005D6171 /* SlotMachineImageView.swift */ = {isa = PBXFileReference; lastKnownFileType = sourcecode.swift; path = SlotMachineImageView.swift; sourceTree = "<group>"; };
		B21663D225939619005D6171 /* SlotMachineButtonView.swift */ = {isa = PBXFileReference; lastKnownFileType = sourcecode.swift; path = SlotMachineButtonView.swift; sourceTree = "<group>"; };
		B21663D7259397DC005D6171 /* SlotMachineHeaderView.swift */ = {isa = PBXFileReference; lastKnownFileType = sourcecode.swift; path = SlotMachineHeaderView.swift; sourceTree = "<group>"; };
		B21663DC259398C1005D6171 /* SlotMachineSlotsView.swift */ = {isa = PBXFileReference; lastKnownFileType = sourcecode.swift; path = SlotMachineSlotsView.swift; sourceTree = "<group>"; };
		B21663E125939E77005D6171 /* SlotMachineBackground.swift */ = {isa = PBXFileReference; lastKnownFileType = sourcecode.swift; path = SlotMachineBackground.swift; sourceTree = "<group>"; };
		B285C9632593747600CD00D4 /* SwiftUIExample.app */ = {isa = PBXFileReference; explicitFileType = wrapper.application; includeInIndex = 0; path = SwiftUIExample.app; sourceTree = BUILT_PRODUCTS_DIR; };
		B285C9662593747600CD00D4 /* SwiftUIExampleApp.swift */ = {isa = PBXFileReference; lastKnownFileType = sourcecode.swift; path = SwiftUIExampleApp.swift; sourceTree = "<group>"; };
		B285C9682593747600CD00D4 /* ContentView.swift */ = {isa = PBXFileReference; lastKnownFileType = sourcecode.swift; path = ContentView.swift; sourceTree = "<group>"; };
		B285C96A2593747600CD00D4 /* Assets.xcassets */ = {isa = PBXFileReference; lastKnownFileType = folder.assetcatalog; path = Assets.xcassets; sourceTree = "<group>"; };
		B285C96D2593747600CD00D4 /* Preview Assets.xcassets */ = {isa = PBXFileReference; lastKnownFileType = folder.assetcatalog; path = "Preview Assets.xcassets"; sourceTree = "<group>"; };
		B285C96F2593747600CD00D4 /* Info.plist */ = {isa = PBXFileReference; lastKnownFileType = text.plist.xml; path = Info.plist; sourceTree = "<group>"; };
		B285C9742593747600CD00D4 /* SwiftUIExampleTests.xctest */ = {isa = PBXFileReference; explicitFileType = wrapper.cfbundle; includeInIndex = 0; path = SwiftUIExampleTests.xctest; sourceTree = BUILT_PRODUCTS_DIR; };
		B285C9782593747600CD00D4 /* SwiftUIExampleTests.swift */ = {isa = PBXFileReference; lastKnownFileType = sourcecode.swift; path = SwiftUIExampleTests.swift; sourceTree = "<group>"; };
		B285C97A2593747600CD00D4 /* Info.plist */ = {isa = PBXFileReference; lastKnownFileType = text.plist.xml; path = Info.plist; sourceTree = "<group>"; };
		B285C97F2593747600CD00D4 /* SwiftUIExampleUITests.xctest */ = {isa = PBXFileReference; explicitFileType = wrapper.cfbundle; includeInIndex = 0; path = SwiftUIExampleUITests.xctest; sourceTree = BUILT_PRODUCTS_DIR; };
		B285C9832593747600CD00D4 /* SwiftUIExampleUITests.swift */ = {isa = PBXFileReference; lastKnownFileType = sourcecode.swift; path = SwiftUIExampleUITests.swift; sourceTree = "<group>"; };
		B285C9852593747600CD00D4 /* Info.plist */ = {isa = PBXFileReference; lastKnownFileType = text.plist.xml; path = Info.plist; sourceTree = "<group>"; };
		B285C99D259378EB00CD00D4 /* LemonView.swift */ = {isa = PBXFileReference; lastKnownFileType = sourcecode.swift; path = LemonView.swift; sourceTree = "<group>"; };
		B285C9A5259379A000CD00D4 /* LemonScreen.swift */ = {isa = PBXFileReference; lastKnownFileType = sourcecode.swift; path = LemonScreen.swift; sourceTree = "<group>"; };
		B285C9AC25937C3600CD00D4 /* PinkBuildView.swift */ = {isa = PBXFileReference; lastKnownFileType = sourcecode.swift; path = PinkBuildView.swift; sourceTree = "<group>"; };
		B2F8E59525948DE2005F926D /* SwiftUISlotView.swift */ = {isa = PBXFileReference; lastKnownFileType = sourcecode.swift; path = SwiftUISlotView.swift; sourceTree = "<group>"; };
/* End PBXFileReference section */

/* Begin PBXFrameworksBuildPhase section */
		B285C9602593747600CD00D4 /* Frameworks */ = {
			isa = PBXFrameworksBuildPhase;
			buildActionMask = 2147483647;
			files = (
			);
			runOnlyForDeploymentPostprocessing = 0;
		};
		B285C9712593747600CD00D4 /* Frameworks */ = {
			isa = PBXFrameworksBuildPhase;
			buildActionMask = 2147483647;
			files = (
			);
			runOnlyForDeploymentPostprocessing = 0;
		};
		B285C97C2593747600CD00D4 /* Frameworks */ = {
			isa = PBXFrameworksBuildPhase;
			buildActionMask = 2147483647;
			files = (
			);
			runOnlyForDeploymentPostprocessing = 0;
		};
/* End PBXFrameworksBuildPhase section */

/* Begin PBXGroup section */
		B216639C25938775005D6171 /* SFSymbols */ = {
			isa = PBXGroup;
			children = (
				B216639D25938788005D6171 /* SFSymbolView.swift */,
			);
			path = SFSymbols;
			sourceTree = "<group>";
		};
		B21663A525938BF6005D6171 /* SlotMachine */ = {
			isa = PBXGroup;
			children = (
				B21663A625938C04005D6171 /* SlotMachineView.swift */,
				B21663AE25938F09005D6171 /* StartView.swift */,
				B21663B325938FC3005D6171 /* HeaderTextView.swift */,
				B21663B825939118005D6171 /* CounterView.swift */,
				B21663CA259394CA005D6171 /* SlotMachineImageView.swift */,
				B21663D225939619005D6171 /* SlotMachineButtonView.swift */,
				B21663D7259397DC005D6171 /* SlotMachineHeaderView.swift */,
				B21663DC259398C1005D6171 /* SlotMachineSlotsView.swift */,
				B21663E125939E77005D6171 /* SlotMachineBackground.swift */,
			);
			path = SlotMachine;
			sourceTree = "<group>";
		};
		B285C95A2593747500CD00D4 = {
			isa = PBXGroup;
			children = (
				B285C9652593747600CD00D4 /* SwiftUIExample */,
				B285C9772593747600CD00D4 /* SwiftUIExampleTests */,
				B285C9822593747600CD00D4 /* SwiftUIExampleUITests */,
				B285C9642593747600CD00D4 /* Products */,
			);
			sourceTree = "<group>";
		};
		B285C9642593747600CD00D4 /* Products */ = {
			isa = PBXGroup;
			children = (
				B285C9632593747600CD00D4 /* SwiftUIExample.app */,
				B285C9742593747600CD00D4 /* SwiftUIExampleTests.xctest */,
				B285C97F2593747600CD00D4 /* SwiftUIExampleUITests.xctest */,
			);
			name = Products;
			sourceTree = "<group>";
		};
		B285C9652593747600CD00D4 /* SwiftUIExample */ = {
			isa = PBXGroup;
			children = (
				B285C99C259378D500CD00D4 /* UIExample */,
				B285C9662593747600CD00D4 /* SwiftUIExampleApp.swift */,
				B285C9682593747600CD00D4 /* ContentView.swift */,
				B285C96A2593747600CD00D4 /* Assets.xcassets */,
				B285C96F2593747600CD00D4 /* Info.plist */,
				B285C96C2593747600CD00D4 /* Preview Content */,
			);
			path = SwiftUIExample;
			sourceTree = "<group>";
		};
		B285C96C2593747600CD00D4 /* Preview Content */ = {
			isa = PBXGroup;
			children = (
				B285C96D2593747600CD00D4 /* Preview Assets.xcassets */,
			);
			path = "Preview Content";
			sourceTree = "<group>";
		};
		B285C9772593747600CD00D4 /* SwiftUIExampleTests */ = {
			isa = PBXGroup;
			children = (
				B285C9782593747600CD00D4 /* SwiftUIExampleTests.swift */,
				B285C97A2593747600CD00D4 /* Info.plist */,
			);
			path = SwiftUIExampleTests;
			sourceTree = "<group>";
		};
		B285C9822593747600CD00D4 /* SwiftUIExampleUITests */ = {
			isa = PBXGroup;
			children = (
				B285C9832593747600CD00D4 /* SwiftUIExampleUITests.swift */,
				B285C9852593747600CD00D4 /* Info.plist */,
			);
			path = SwiftUIExampleUITests;
			sourceTree = "<group>";
		};
		B285C99C259378D500CD00D4 /* UIExample */ = {
			isa = PBXGroup;
			children = (
				B2F8E59425948DC7005F926D /* SwiftUISlots */,
				B21663A525938BF6005D6171 /* SlotMachine */,
				B216639C25938775005D6171 /* SFSymbols */,
				B285C9AB25937C1A00CD00D4 /* PinkBuild */,
				B285C9AA25937C1100CD00D4 /* Lemon */,
			);
			path = UIExample;
			sourceTree = "<group>";
		};
		B285C9AA25937C1100CD00D4 /* Lemon */ = {
			isa = PBXGroup;
			children = (
				B285C99D259378EB00CD00D4 /* LemonView.swift */,
				B285C9A5259379A000CD00D4 /* LemonScreen.swift */,
			);
			path = Lemon;
			sourceTree = "<group>";
		};
		B285C9AB25937C1A00CD00D4 /* PinkBuild */ = {
			isa = PBXGroup;
			children = (
				B285C9AC25937C3600CD00D4 /* PinkBuildView.swift */,
			);
			path = PinkBuild;
			sourceTree = "<group>";
		};
		B2F8E59425948DC7005F926D /* SwiftUISlots */ = {
			isa = PBXGroup;
			children = (
				B2F8E59525948DE2005F926D /* SwiftUISlotView.swift */,
			);
			path = SwiftUISlots;
			sourceTree = "<group>";
		};
/* End PBXGroup section */

/* Begin PBXNativeTarget section */
		B285C9622593747600CD00D4 /* SwiftUIExample */ = {
			isa = PBXNativeTarget;
			buildConfigurationList = B285C9882593747600CD00D4 /* Build configuration list for PBXNativeTarget "SwiftUIExample" */;
			buildPhases = (
				B285C95F2593747600CD00D4 /* Sources */,
				B285C9602593747600CD00D4 /* Frameworks */,
				B285C9612593747600CD00D4 /* Resources */,
			);
			buildRules = (
			);
			dependencies = (
			);
			name = SwiftUIExample;
			productName = SwiftUIExample;
			productReference = B285C9632593747600CD00D4 /* SwiftUIExample.app */;
			productType = "com.apple.product-type.application";
		};
		B285C9732593747600CD00D4 /* SwiftUIExampleTests */ = {
			isa = PBXNativeTarget;
			buildConfigurationList = B285C98B2593747600CD00D4 /* Build configuration list for PBXNativeTarget "SwiftUIExampleTests" */;
			buildPhases = (
				B285C9702593747600CD00D4 /* Sources */,
				B285C9712593747600CD00D4 /* Frameworks */,
				B285C9722593747600CD00D4 /* Resources */,
			);
			buildRules = (
			);
			dependencies = (
				B285C9762593747600CD00D4 /* PBXTargetDependency */,
			);
			name = SwiftUIExampleTests;
			productName = SwiftUIExampleTests;
			productReference = B285C9742593747600CD00D4 /* SwiftUIExampleTests.xctest */;
			productType = "com.apple.product-type.bundle.unit-test";
		};
		B285C97E2593747600CD00D4 /* SwiftUIExampleUITests */ = {
			isa = PBXNativeTarget;
			buildConfigurationList = B285C98E2593747600CD00D4 /* Build configuration list for PBXNativeTarget "SwiftUIExampleUITests" */;
			buildPhases = (
				B285C97B2593747600CD00D4 /* Sources */,
				B285C97C2593747600CD00D4 /* Frameworks */,
				B285C97D2593747600CD00D4 /* Resources */,
			);
			buildRules = (
			);
			dependencies = (
				B285C9812593747600CD00D4 /* PBXTargetDependency */,
			);
			name = SwiftUIExampleUITests;
			productName = SwiftUIExampleUITests;
			productReference = B285C97F2593747600CD00D4 /* SwiftUIExampleUITests.xctest */;
			productType = "com.apple.product-type.bundle.ui-testing";
		};
/* End PBXNativeTarget section */

/* Begin PBXProject section */
		B285C95B2593747500CD00D4 /* Project object */ = {
			isa = PBXProject;
			attributes = {
				LastSwiftUpdateCheck = 1220;
				LastUpgradeCheck = 1220;
				TargetAttributes = {
					B285C9622593747600CD00D4 = {
						CreatedOnToolsVersion = 12.2;
					};
					B285C9732593747600CD00D4 = {
						CreatedOnToolsVersion = 12.2;
						TestTargetID = B285C9622593747600CD00D4;
					};
					B285C97E2593747600CD00D4 = {
						CreatedOnToolsVersion = 12.2;
						TestTargetID = B285C9622593747600CD00D4;
					};
				};
			};
			buildConfigurationList = B285C95E2593747500CD00D4 /* Build configuration list for PBXProject "SwiftUIExample" */;
			compatibilityVersion = "Xcode 9.3";
			developmentRegion = en;
			hasScannedForEncodings = 0;
			knownRegions = (
				en,
				Base,
			);
			mainGroup = B285C95A2593747500CD00D4;
			productRefGroup = B285C9642593747600CD00D4 /* Products */;
			projectDirPath = "";
			projectRoot = "";
			targets = (
				B285C9622593747600CD00D4 /* SwiftUIExample */,
				B285C9732593747600CD00D4 /* SwiftUIExampleTests */,
				B285C97E2593747600CD00D4 /* SwiftUIExampleUITests */,
			);
		};
/* End PBXProject section */

/* Begin PBXResourcesBuildPhase section */
		B285C9612593747600CD00D4 /* Resources */ = {
			isa = PBXResourcesBuildPhase;
			buildActionMask = 2147483647;
			files = (
				B285C96E2593747600CD00D4 /* Preview Assets.xcassets in Resources */,
				B285C96B2593747600CD00D4 /* Assets.xcassets in Resources */,
			);
			runOnlyForDeploymentPostprocessing = 0;
		};
		B285C9722593747600CD00D4 /* Resources */ = {
			isa = PBXResourcesBuildPhase;
			buildActionMask = 2147483647;
			files = (
			);
			runOnlyForDeploymentPostprocessing = 0;
		};
		B285C97D2593747600CD00D4 /* Resources */ = {
			isa = PBXResourcesBuildPhase;
			buildActionMask = 2147483647;
			files = (
			);
			runOnlyForDeploymentPostprocessing = 0;
		};
/* End PBXResourcesBuildPhase section */

/* Begin PBXSourcesBuildPhase section */
		B285C95F2593747600CD00D4 /* Sources */ = {
			isa = PBXSourcesBuildPhase;
			buildActionMask = 2147483647;
			files = (
				B21663CB259394CA005D6171 /* SlotMachineImageView.swift in Sources */,
				B285C9692593747600CD00D4 /* ContentView.swift in Sources */,
				B21663E225939E77005D6171 /* SlotMachineBackground.swift in Sources */,
				B21663A725938C04005D6171 /* SlotMachineView.swift in Sources */,
				B285C99E259378EB00CD00D4 /* LemonView.swift in Sources */,
				B21663DD259398C1005D6171 /* SlotMachineSlotsView.swift in Sources */,
				B21663AF25938F09005D6171 /* StartView.swift in Sources */,
				B285C9672593747600CD00D4 /* SwiftUIExampleApp.swift in Sources */,
				B2F8E59625948DE2005F926D /* SwiftUISlotView.swift in Sources */,
				B21663B425938FC3005D6171 /* HeaderTextView.swift in Sources */,
				B285C9A6259379A000CD00D4 /* LemonScreen.swift in Sources */,
				B21663D8259397DC005D6171 /* SlotMachineHeaderView.swift in Sources */,
				B21663D325939619005D6171 /* SlotMachineButtonView.swift in Sources */,
				B285C9AD25937C3600CD00D4 /* PinkBuildView.swift in Sources */,
				B216639E25938788005D6171 /* SFSymbolView.swift in Sources */,
				B21663B925939118005D6171 /* CounterView.swift in Sources */,
			);
			runOnlyForDeploymentPostprocessing = 0;
		};
		B285C9702593747600CD00D4 /* Sources */ = {
			isa = PBXSourcesBuildPhase;
			buildActionMask = 2147483647;
			files = (
				B285C9792593747600CD00D4 /* SwiftUIExampleTests.swift in Sources */,
			);
			runOnlyForDeploymentPostprocessing = 0;
		};
		B285C97B2593747600CD00D4 /* Sources */ = {
			isa = PBXSourcesBuildPhase;
			buildActionMask = 2147483647;
			files = (
				B285C9842593747600CD00D4 /* SwiftUIExampleUITests.swift in Sources */,
			);
			runOnlyForDeploymentPostprocessing = 0;
		};
/* End PBXSourcesBuildPhase section */

/* Begin PBXTargetDependency section */
		B285C9762593747600CD00D4 /* PBXTargetDependency */ = {
			isa = PBXTargetDependency;
			target = B285C9622593747600CD00D4 /* SwiftUIExample */;
			targetProxy = B285C9752593747600CD00D4 /* PBXContainerItemProxy */;
		};
		B285C9812593747600CD00D4 /* PBXTargetDependency */ = {
			isa = PBXTargetDependency;
			target = B285C9622593747600CD00D4 /* SwiftUIExample */;
			targetProxy = B285C9802593747600CD00D4 /* PBXContainerItemProxy */;
		};
/* End PBXTargetDependency section */

/* Begin XCBuildConfiguration section */
		B285C9862593747600CD00D4 /* Debug */ = {
			isa = XCBuildConfiguration;
			buildSettings = {
				ALWAYS_SEARCH_USER_PATHS = NO;
				CLANG_ANALYZER_NONNULL = YES;
				CLANG_ANALYZER_NUMBER_OBJECT_CONVERSION = YES_AGGRESSIVE;
				CLANG_CXX_LANGUAGE_STANDARD = "gnu++14";
				CLANG_CXX_LIBRARY = "libc++";
				CLANG_ENABLE_MODULES = YES;
				CLANG_ENABLE_OBJC_ARC = YES;
				CLANG_ENABLE_OBJC_WEAK = YES;
				CLANG_WARN_BLOCK_CAPTURE_AUTORELEASING = YES;
				CLANG_WARN_BOOL_CONVERSION = YES;
				CLANG_WARN_COMMA = YES;
				CLANG_WARN_CONSTANT_CONVERSION = YES;
				CLANG_WARN_DEPRECATED_OBJC_IMPLEMENTATIONS = YES;
				CLANG_WARN_DIRECT_OBJC_ISA_USAGE = YES_ERROR;
				CLANG_WARN_DOCUMENTATION_COMMENTS = YES;
				CLANG_WARN_EMPTY_BODY = YES;
				CLANG_WARN_ENUM_CONVERSION = YES;
				CLANG_WARN_INFINITE_RECURSION = YES;
				CLANG_WARN_INT_CONVERSION = YES;
				CLANG_WARN_NON_LITERAL_NULL_CONVERSION = YES;
				CLANG_WARN_OBJC_IMPLICIT_RETAIN_SELF = YES;
				CLANG_WARN_OBJC_LITERAL_CONVERSION = YES;
				CLANG_WARN_OBJC_ROOT_CLASS = YES_ERROR;
				CLANG_WARN_QUOTED_INCLUDE_IN_FRAMEWORK_HEADER = YES;
				CLANG_WARN_RANGE_LOOP_ANALYSIS = YES;
				CLANG_WARN_STRICT_PROTOTYPES = YES;
				CLANG_WARN_SUSPICIOUS_MOVE = YES;
				CLANG_WARN_UNGUARDED_AVAILABILITY = YES_AGGRESSIVE;
				CLANG_WARN_UNREACHABLE_CODE = YES;
				CLANG_WARN__DUPLICATE_METHOD_MATCH = YES;
				COPY_PHASE_STRIP = NO;
				DEBUG_INFORMATION_FORMAT = dwarf;
				ENABLE_STRICT_OBJC_MSGSEND = YES;
				ENABLE_TESTABILITY = YES;
				GCC_C_LANGUAGE_STANDARD = gnu11;
				GCC_DYNAMIC_NO_PIC = NO;
				GCC_NO_COMMON_BLOCKS = YES;
				GCC_OPTIMIZATION_LEVEL = 0;
				GCC_PREPROCESSOR_DEFINITIONS = (
					"DEBUG=1",
					"$(inherited)",
				);
				GCC_WARN_64_TO_32_BIT_CONVERSION = YES;
				GCC_WARN_ABOUT_RETURN_TYPE = YES_ERROR;
				GCC_WARN_UNDECLARED_SELECTOR = YES;
				GCC_WARN_UNINITIALIZED_AUTOS = YES_AGGRESSIVE;
				GCC_WARN_UNUSED_FUNCTION = YES;
				GCC_WARN_UNUSED_VARIABLE = YES;
				IPHONEOS_DEPLOYMENT_TARGET = 14.2;
				MTL_ENABLE_DEBUG_INFO = INCLUDE_SOURCE;
				MTL_FAST_MATH = YES;
				ONLY_ACTIVE_ARCH = YES;
				SDKROOT = iphoneos;
				SWIFT_ACTIVE_COMPILATION_CONDITIONS = DEBUG;
				SWIFT_OPTIMIZATION_LEVEL = "-Onone";
			};
			name = Debug;
		};
		B285C9872593747600CD00D4 /* Release */ = {
			isa = XCBuildConfiguration;
			buildSettings = {
				ALWAYS_SEARCH_USER_PATHS = NO;
				CLANG_ANALYZER_NONNULL = YES;
				CLANG_ANALYZER_NUMBER_OBJECT_CONVERSION = YES_AGGRESSIVE;
				CLANG_CXX_LANGUAGE_STANDARD = "gnu++14";
				CLANG_CXX_LIBRARY = "libc++";
				CLANG_ENABLE_MODULES = YES;
				CLANG_ENABLE_OBJC_ARC = YES;
				CLANG_ENABLE_OBJC_WEAK = YES;
				CLANG_WARN_BLOCK_CAPTURE_AUTORELEASING = YES;
				CLANG_WARN_BOOL_CONVERSION = YES;
				CLANG_WARN_COMMA = YES;
				CLANG_WARN_CONSTANT_CONVERSION = YES;
				CLANG_WARN_DEPRECATED_OBJC_IMPLEMENTATIONS = YES;
				CLANG_WARN_DIRECT_OBJC_ISA_USAGE = YES_ERROR;
				CLANG_WARN_DOCUMENTATION_COMMENTS = YES;
				CLANG_WARN_EMPTY_BODY = YES;
				CLANG_WARN_ENUM_CONVERSION = YES;
				CLANG_WARN_INFINITE_RECURSION = YES;
				CLANG_WARN_INT_CONVERSION = YES;
				CLANG_WARN_NON_LITERAL_NULL_CONVERSION = YES;
				CLANG_WARN_OBJC_IMPLICIT_RETAIN_SELF = YES;
				CLANG_WARN_OBJC_LITERAL_CONVERSION = YES;
				CLANG_WARN_OBJC_ROOT_CLASS = YES_ERROR;
				CLANG_WARN_QUOTED_INCLUDE_IN_FRAMEWORK_HEADER = YES;
				CLANG_WARN_RANGE_LOOP_ANALYSIS = YES;
				CLANG_WARN_STRICT_PROTOTYPES = YES;
				CLANG_WARN_SUSPICIOUS_MOVE = YES;
				CLANG_WARN_UNGUARDED_AVAILABILITY = YES_AGGRESSIVE;
				CLANG_WARN_UNREACHABLE_CODE = YES;
				CLANG_WARN__DUPLICATE_METHOD_MATCH = YES;
				COPY_PHASE_STRIP = NO;
				DEBUG_INFORMATION_FORMAT = "dwarf-with-dsym";
				ENABLE_NS_ASSERTIONS = NO;
				ENABLE_STRICT_OBJC_MSGSEND = YES;
				GCC_C_LANGUAGE_STANDARD = gnu11;
				GCC_NO_COMMON_BLOCKS = YES;
				GCC_WARN_64_TO_32_BIT_CONVERSION = YES;
				GCC_WARN_ABOUT_RETURN_TYPE = YES_ERROR;
				GCC_WARN_UNDECLARED_SELECTOR = YES;
				GCC_WARN_UNINITIALIZED_AUTOS = YES_AGGRESSIVE;
				GCC_WARN_UNUSED_FUNCTION = YES;
				GCC_WARN_UNUSED_VARIABLE = YES;
				IPHONEOS_DEPLOYMENT_TARGET = 14.2;
				MTL_ENABLE_DEBUG_INFO = NO;
				MTL_FAST_MATH = YES;
				SDKROOT = iphoneos;
				SWIFT_COMPILATION_MODE = wholemodule;
				SWIFT_OPTIMIZATION_LEVEL = "-O";
				VALIDATE_PRODUCT = YES;
			};
			name = Release;
		};
		B285C9892593747600CD00D4 /* Debug */ = {
			isa = XCBuildConfiguration;
			buildSettings = {
				ASSETCATALOG_COMPILER_APPICON_NAME = AppIcon;
				ASSETCATALOG_COMPILER_GLOBAL_ACCENT_COLOR_NAME = AccentColor;
				CODE_SIGN_STYLE = Automatic;
				DEVELOPMENT_ASSET_PATHS = "\"SwiftUIExample/Preview Content\"";
				ENABLE_PREVIEWS = YES;
				INFOPLIST_FILE = SwiftUIExample/Info.plist;
				IPHONEOS_DEPLOYMENT_TARGET = 14.0;
				LD_RUNPATH_SEARCH_PATHS = (
					"$(inherited)",
					"@executable_path/Frameworks",
				);
				PRODUCT_BUNDLE_IDENTIFIER = com.bilgin.SwiftUIExample;
				PRODUCT_NAME = "$(TARGET_NAME)";
				SWIFT_VERSION = 5.0;
				TARGETED_DEVICE_FAMILY = "1,2";
			};
			name = Debug;
		};
		B285C98A2593747600CD00D4 /* Release */ = {
			isa = XCBuildConfiguration;
			buildSettings = {
				ASSETCATALOG_COMPILER_APPICON_NAME = AppIcon;
				ASSETCATALOG_COMPILER_GLOBAL_ACCENT_COLOR_NAME = AccentColor;
				CODE_SIGN_STYLE = Automatic;
				DEVELOPMENT_ASSET_PATHS = "\"SwiftUIExample/Preview Content\"";
				ENABLE_PREVIEWS = YES;
				INFOPLIST_FILE = SwiftUIExample/Info.plist;
				IPHONEOS_DEPLOYMENT_TARGET = 14.0;
				LD_RUNPATH_SEARCH_PATHS = (
					"$(inherited)",
					"@executable_path/Frameworks",
				);
				PRODUCT_BUNDLE_IDENTIFIER = com.bilgin.SwiftUIExample;
				PRODUCT_NAME = "$(TARGET_NAME)";
				SWIFT_VERSION = 5.0;
				TARGETED_DEVICE_FAMILY = "1,2";
			};
			name = Release;
		};
		B285C98C2593747600CD00D4 /* Debug */ = {
			isa = XCBuildConfiguration;
			buildSettings = {
				ALWAYS_EMBED_SWIFT_STANDARD_LIBRARIES = YES;
				BUNDLE_LOADER = "$(TEST_HOST)";
				CODE_SIGN_STYLE = Automatic;
				INFOPLIST_FILE = SwiftUIExampleTests/Info.plist;
				IPHONEOS_DEPLOYMENT_TARGET = 14.0;
				LD_RUNPATH_SEARCH_PATHS = (
					"$(inherited)",
					"@executable_path/Frameworks",
					"@loader_path/Frameworks",
				);
				PRODUCT_BUNDLE_IDENTIFIER = com.bilgin.SwiftUIExampleTests;
				PRODUCT_NAME = "$(TARGET_NAME)";
				SWIFT_VERSION = 5.0;
				TARGETED_DEVICE_FAMILY = "1,2";
				TEST_HOST = "$(BUILT_PRODUCTS_DIR)/SwiftUIExample.app/SwiftUIExample";
			};
			name = Debug;
		};
		B285C98D2593747600CD00D4 /* Release */ = {
			isa = XCBuildConfiguration;
			buildSettings = {
				ALWAYS_EMBED_SWIFT_STANDARD_LIBRARIES = YES;
				BUNDLE_LOADER = "$(TEST_HOST)";
				CODE_SIGN_STYLE = Automatic;
				INFOPLIST_FILE = SwiftUIExampleTests/Info.plist;
				IPHONEOS_DEPLOYMENT_TARGET = 14.0;
				LD_RUNPATH_SEARCH_PATHS = (
					"$(inherited)",
					"@executable_path/Frameworks",
					"@loader_path/Frameworks",
				);
				PRODUCT_BUNDLE_IDENTIFIER = com.bilgin.SwiftUIExampleTests;
				PRODUCT_NAME = "$(TARGET_NAME)";
				SWIFT_VERSION = 5.0;
				TARGETED_DEVICE_FAMILY = "1,2";
				TEST_HOST = "$(BUILT_PRODUCTS_DIR)/SwiftUIExample.app/SwiftUIExample";
			};
			name = Release;
		};
		B285C98F2593747600CD00D4 /* Debug */ = {
			isa = XCBuildConfiguration;
			buildSettings = {
				ALWAYS_EMBED_SWIFT_STANDARD_LIBRARIES = YES;
				CODE_SIGN_STYLE = Automatic;
				INFOPLIST_FILE = SwiftUIExampleUITests/Info.plist;
				LD_RUNPATH_SEARCH_PATHS = (
					"$(inherited)",
					"@executable_path/Frameworks",
					"@loader_path/Frameworks",
				);
				PRODUCT_BUNDLE_IDENTIFIER = com.bilgin.SwiftUIExampleUITests;
				PRODUCT_NAME = "$(TARGET_NAME)";
				SWIFT_VERSION = 5.0;
				TARGETED_DEVICE_FAMILY = "1,2";
				TEST_TARGET_NAME = SwiftUIExample;
			};
			name = Debug;
		};
		B285C9902593747600CD00D4 /* Release */ = {
			isa = XCBuildConfiguration;
			buildSettings = {
				ALWAYS_EMBED_SWIFT_STANDARD_LIBRARIES = YES;
				CODE_SIGN_STYLE = Automatic;
				INFOPLIST_FILE = SwiftUIExampleUITests/Info.plist;
				LD_RUNPATH_SEARCH_PATHS = (
					"$(inherited)",
					"@executable_path/Frameworks",
					"@loader_path/Frameworks",
				);
				PRODUCT_BUNDLE_IDENTIFIER = com.bilgin.SwiftUIExampleUITests;
				PRODUCT_NAME = "$(TARGET_NAME)";
				SWIFT_VERSION = 5.0;
				TARGETED_DEVICE_FAMILY = "1,2";
				TEST_TARGET_NAME = SwiftUIExample;
			};
			name = Release;
		};
/* End XCBuildConfiguration section */

/* Begin XCConfigurationList section */
		B285C95E2593747500CD00D4 /* Build configuration list for PBXProject "SwiftUIExample" */ = {
			isa = XCConfigurationList;
			buildConfigurations = (
				B285C9862593747600CD00D4 /* Debug */,
				B285C9872593747600CD00D4 /* Release */,
			);
			defaultConfigurationIsVisible = 0;
			defaultConfigurationName = Release;
		};
		B285C9882593747600CD00D4 /* Build configuration list for PBXNativeTarget "SwiftUIExample" */ = {
			isa = XCConfigurationList;
			buildConfigurations = (
				B285C9892593747600CD00D4 /* Debug */,
				B285C98A2593747600CD00D4 /* Release */,
			);
			defaultConfigurationIsVisible = 0;
			defaultConfigurationName = Release;
		};
		B285C98B2593747600CD00D4 /* Build configuration list for PBXNativeTarget "SwiftUIExampleTests" */ = {
			isa = XCConfigurationList;
			buildConfigurations = (
				B285C98C2593747600CD00D4 /* Debug */,
				B285C98D2593747600CD00D4 /* Release */,
			);
			defaultConfigurationIsVisible = 0;
			defaultConfigurationName = Release;
		};
		B285C98E2593747600CD00D4 /* Build configuration list for PBXNativeTarget "SwiftUIExampleUITests" */ = {
			isa = XCConfigurationList;
			buildConfigurations = (
				B285C98F2593747600CD00D4 /* Debug */,
				B285C9902593747600CD00D4 /* Release */,
			);
			defaultConfigurationIsVisible = 0;
			defaultConfigurationName = Release;
		};
/* End XCConfigurationList section */
	};
	rootObject = B285C95B2593747500CD00D4 /* Project object */;
}
